
Microsoft Visual Studio Solution File, Format Version 12.00
# Visual Studio Version 17
VisualStudioVersion = 17.3.32929.385
MinimumVisualStudioVersion = 10.0.40219.1
Project("{9A19103F-16F7-4668-BE54-9A1E7A4F7556}") = "Assingment1", "Assingment1\Assingment1.csproj", "{DE09316B-91E9-43DF-BEFC-DF66E6EAB17E}"
EndProject
Project("{9A19103F-16F7-4668-BE54-9A1E7A4F7556}") = "TodoList", "TodoList\TodoList.csproj", "{74B70B95-8252-48EC-9DAC-C40CBB8F8DAC}"
EndProject
Project("{9A19103F-16F7-4668-BE54-9A1E7A4F7556}") = "DiceRollGame", "DiceRollGame\DiceRollGame.csproj", "{3C47FD05-3DA7-4093-932D-1F59076F160F}"
EndProject
Project("{FAE04EC0-301F-11D3-BF4B-00C04F79EFBC}") = "Coockbook", "Coockbook\Coockbook.csproj", "{84900914-43DD-49AA-9F16-4D1F200D1A48}"
EndProject
Global
	GlobalSection(SolutionConfigurationPlatforms) = preSolution
		Debug|Any CPU = Debug|Any CPU
		Release|Any CPU = Release|Any CPU
	EndGlobalSection
	GlobalSection(ProjectConfigurationPlatforms) = postSolution
		{DE09316B-91E9-43DF-BEFC-DF66E6EAB17E}.Debug|Any CPU.ActiveCfg = Debug|Any CPU
		{DE09316B-91E9-43DF-BEFC-DF66E6EAB17E}.Debug|Any CPU.Build.0 = Debug|Any CPU
		{DE09316B-91E9-43DF-BEFC-DF66E6EAB17E}.Release|Any CPU.ActiveCfg = Release|Any CPU
		{DE09316B-91E9-43DF-BEFC-DF66E6EAB17E}.Release|Any CPU.Build.0 = Release|Any CPU
		{74B70B95-8252-48EC-9DAC-C40CBB8F8DAC}.Debug|Any CPU.ActiveCfg = Debug|Any CPU
		{74B70B95-8252-48EC-9DAC-C40CBB8F8DAC}.Debug|Any CPU.Build.0 = Debug|Any CPU
		{74B70B95-8252-48EC-9DAC-C40CBB8F8DAC}.Release|Any CPU.ActiveCfg = Release|Any CPU
		{74B70B95-8252-48EC-9DAC-C40CBB8F8DAC}.Release|Any CPU.Build.0 = Release|Any CPU
		{3C47FD05-3DA7-4093-932D-1F59076F160F}.Debug|Any CPU.ActiveCfg = Debug|Any CPU
		{3C47FD05-3DA7-4093-932D-1F59076F160F}.Debug|Any CPU.Build.0 = Debug|Any CPU
		{3C47FD05-3DA7-4093-932D-1F59076F160F}.Release|Any CPU.ActiveCfg = Release|Any CPU
		{3C47FD05-3DA7-4093-932D-1F59076F160F}.Release|Any CPU.Build.0 = Release|Any CPU
		{84900914-43DD-49AA-9F16-4D1F200D1A48}.Debug|Any CPU.ActiveCfg = Debug|Any CPU
		{84900914-43DD-49AA-9F16-4D1F200D1A48}.Debug|Any CPU.Build.0 = Debug|Any CPU
		{84900914-43DD-49AA-9F16-4D1F200D1A48}.Release|Any CPU.ActiveCfg = Release|Any CPU
		{84900914-43DD-49AA-9F16-4D1F200D1A48}.Release|Any CPU.Build.0 = Release|Any CPU
	EndGlobalSection
	GlobalSection(SolutionProperties) = preSolution
		HideSolutionNode = FALSE
	EndGlobalSection
	GlobalSection(ExtensibilityGlobals) = postSolution
		SolutionGuid = {027D1C78-4021-4228-A2D1-2ACF9DBFC8BA}
	EndGlobalSection
EndGlobal
